// !$*UTF8*$!
{
	archiveVersion = 1;
	classes = {
	};
	objectVersion = 55;
	objects = {

/* Begin PBXBuildFile section */
		7673011528AA3D0500D3284F /* AppDelegate.swift in Sources */ = {isa = PBXBuildFile; fileRef = 7673011428AA3D0500D3284F /* AppDelegate.swift */; };
		7673011728AA3D0500D3284F /* SceneDelegate.swift in Sources */ = {isa = PBXBuildFile; fileRef = 7673011628AA3D0500D3284F /* SceneDelegate.swift */; };
		7673011C28AA3D0500D3284F /* Main.storyboard in Resources */ = {isa = PBXBuildFile; fileRef = 7673011A28AA3D0500D3284F /* Main.storyboard */; };
		7673011E28AA3D0600D3284F /* Assets.xcassets in Resources */ = {isa = PBXBuildFile; fileRef = 7673011D28AA3D0600D3284F /* Assets.xcassets */; };
		7673012128AA3D0600D3284F /* LaunchScreen.storyboard in Resources */ = {isa = PBXBuildFile; fileRef = 7673011F28AA3D0600D3284F /* LaunchScreen.storyboard */; };
		7673012928AA40B700D3284F /* .gitignore in Resources */ = {isa = PBXBuildFile; fileRef = 7673012828AA40B700D3284F /* .gitignore */; };
		7673012F28AA418500D3284F /* APIKey.swift in Sources */ = {isa = PBXBuildFile; fileRef = 7673012E28AA418500D3284F /* APIKey.swift */; };
		7673013228AA41C700D3284F /* EndPoint.swift in Sources */ = {isa = PBXBuildFile; fileRef = 7673013128AA41C700D3284F /* EndPoint.swift */; };
		7673013528AA471500D3284F /* DefaultColor.swift in Sources */ = {isa = PBXBuildFile; fileRef = 7673013428AA471500D3284F /* DefaultColor.swift */; };
		7673013728AA482900D3284F /* DefaultFont.swift in Sources */ = {isa = PBXBuildFile; fileRef = 7673013628AA482900D3284F /* DefaultFont.swift */; };
		7673013928AA4B6C00D3284F /* WeatherViewController.swift in Sources */ = {isa = PBXBuildFile; fileRef = 7673013828AA4B6C00D3284F /* WeatherViewController.swift */; };
		7673013F28AA573B00D3284F /* EF_Diary.ttf in Resources */ = {isa = PBXBuildFile; fileRef = 7673013E28AA573B00D3284F /* EF_Diary.ttf */; };
		7673014528AA72D400D3284F /* SCDream1.otf in Resources */ = {isa = PBXBuildFile; fileRef = 7673014428AA72D400D3284F /* SCDream1.otf */; };
		7673014728AA736200D3284F /* SCDream3.otf in Resources */ = {isa = PBXBuildFile; fileRef = 7673014628AA736200D3284F /* SCDream3.otf */; };
		7673014928AA73FA00D3284F /* WeatherAPIManger.swift in Sources */ = {isa = PBXBuildFile; fileRef = 7673014828AA73FA00D3284F /* WeatherAPIManger.swift */; };
		7673014C28AA743600D3284F /* Alamofire in Frameworks */ = {isa = PBXBuildFile; productRef = 7673014B28AA743600D3284F /* Alamofire */; };
		7673014F28AA744200D3284F /* SwiftyJSON in Frameworks */ = {isa = PBXBuildFile; productRef = 7673014E28AA744200D3284F /* SwiftyJSON */; };
		7673015228AA751F00D3284F /* Location.swift in Sources */ = {isa = PBXBuildFile; fileRef = 7673015128AA751F00D3284F /* Location.swift */; };
		7673015428AA77B700D3284F /* Weather.swift in Sources */ = {isa = PBXBuildFile; fileRef = 7673015328AA77B700D3284F /* Weather.swift */; };
/* End PBXBuildFile section */

/* Begin PBXFileReference section */
		7673011128AA3D0500D3284F /* weatherAppWithOpenWeatherMapAPI.app */ = {isa = PBXFileReference; explicitFileType = wrapper.application; includeInIndex = 0; path = weatherAppWithOpenWeatherMapAPI.app; sourceTree = BUILT_PRODUCTS_DIR; };
		7673011428AA3D0500D3284F /* AppDelegate.swift */ = {isa = PBXFileReference; lastKnownFileType = sourcecode.swift; path = AppDelegate.swift; sourceTree = "<group>"; };
		7673011628AA3D0500D3284F /* SceneDelegate.swift */ = {isa = PBXFileReference; lastKnownFileType = sourcecode.swift; path = SceneDelegate.swift; sourceTree = "<group>"; };
		7673011B28AA3D0500D3284F /* Base */ = {isa = PBXFileReference; lastKnownFileType = file.storyboard; name = Base; path = Base.lproj/Main.storyboard; sourceTree = "<group>"; };
		7673011D28AA3D0600D3284F /* Assets.xcassets */ = {isa = PBXFileReference; lastKnownFileType = folder.assetcatalog; path = Assets.xcassets; sourceTree = "<group>"; };
		7673012028AA3D0600D3284F /* Base */ = {isa = PBXFileReference; lastKnownFileType = file.storyboard; name = Base; path = Base.lproj/LaunchScreen.storyboard; sourceTree = "<group>"; };
		7673012228AA3D0600D3284F /* Info.plist */ = {isa = PBXFileReference; lastKnownFileType = text.plist.xml; path = Info.plist; sourceTree = "<group>"; };
		7673012828AA40B700D3284F /* .gitignore */ = {isa = PBXFileReference; lastKnownFileType = text; path = .gitignore; sourceTree = "<group>"; };
		7673012E28AA418500D3284F /* APIKey.swift */ = {isa = PBXFileReference; lastKnownFileType = sourcecode.swift; path = APIKey.swift; sourceTree = "<group>"; };
		7673013128AA41C700D3284F /* EndPoint.swift */ = {isa = PBXFileReference; lastKnownFileType = sourcecode.swift; path = EndPoint.swift; sourceTree = "<group>"; };
		7673013428AA471500D3284F /* DefaultColor.swift */ = {isa = PBXFileReference; lastKnownFileType = sourcecode.swift; path = DefaultColor.swift; sourceTree = "<group>"; };
		7673013628AA482900D3284F /* DefaultFont.swift */ = {isa = PBXFileReference; lastKnownFileType = sourcecode.swift; path = DefaultFont.swift; sourceTree = "<group>"; };
		7673013828AA4B6C00D3284F /* WeatherViewController.swift */ = {isa = PBXFileReference; lastKnownFileType = sourcecode.swift; path = WeatherViewController.swift; sourceTree = "<group>"; };
		7673013E28AA573B00D3284F /* EF_Diary.ttf */ = {isa = PBXFileReference; lastKnownFileType = file; path = EF_Diary.ttf; sourceTree = "<group>"; };
		7673014428AA72D400D3284F /* SCDream1.otf */ = {isa = PBXFileReference; lastKnownFileType = file; path = SCDream1.otf; sourceTree = "<group>"; };
		7673014628AA736200D3284F /* SCDream3.otf */ = {isa = PBXFileReference; lastKnownFileType = file; path = SCDream3.otf; sourceTree = "<group>"; };
		7673014828AA73FA00D3284F /* WeatherAPIManger.swift */ = {isa = PBXFileReference; lastKnownFileType = sourcecode.swift; path = WeatherAPIManger.swift; sourceTree = "<group>"; };
		7673015128AA751F00D3284F /* Location.swift */ = {isa = PBXFileReference; lastKnownFileType = sourcecode.swift; path = Location.swift; sourceTree = "<group>"; };
		7673015328AA77B700D3284F /* Weather.swift */ = {isa = PBXFileReference; lastKnownFileType = sourcecode.swift; path = Weather.swift; sourceTree = "<group>"; };
/* End PBXFileReference section */

/* Begin PBXFrameworksBuildPhase section */
		7673010E28AA3D0500D3284F /* Frameworks */ = {
			isa = PBXFrameworksBuildPhase;
			buildActionMask = 2147483647;
			files = (
				7673014F28AA744200D3284F /* SwiftyJSON in Frameworks */,
				7673014C28AA743600D3284F /* Alamofire in Frameworks */,
			);
			runOnlyForDeploymentPostprocessing = 0;
		};
/* End PBXFrameworksBuildPhase section */

/* Begin PBXGroup section */
		7673010828AA3D0500D3284F = {
			isa = PBXGroup;
			children = (
				7673012828AA40B700D3284F /* .gitignore */,
				7673011328AA3D0500D3284F /* weatherAppWithOpenWeatherMapAPI */,
				7673011228AA3D0500D3284F /* Products */,
			);
			sourceTree = "<group>";
		};
		7673011228AA3D0500D3284F /* Products */ = {
			isa = PBXGroup;
			children = (
				7673011128AA3D0500D3284F /* weatherAppWithOpenWeatherMapAPI.app */,
			);
			name = Products;
			sourceTree = "<group>";
		};
		7673011328AA3D0500D3284F /* weatherAppWithOpenWeatherMapAPI */ = {
			isa = PBXGroup;
			children = (
				7673012228AA3D0600D3284F /* Info.plist */,
				7673011428AA3D0500D3284F /* AppDelegate.swift */,
				7673011628AA3D0500D3284F /* SceneDelegate.swift */,
				7673011D28AA3D0600D3284F /* Assets.xcassets */,
				7673012C28AA414A00D3284F /* APIManger */,
				7673013328AA470400D3284F /* Design */,
				7673013B28AA542E00D3284F /* Font */,
				7673013028AA41BD00D3284F /* Keys */,
				7673011F28AA3D0600D3284F /* LaunchScreen.storyboard */,
				7673015028AA751200D3284F /* Model */,
				7673012D28AA415E00D3284F /* Storyboard & XIB */,
				7673012A28AA40C100D3284F /* View */,
				7673012B28AA40CD00D3284F /* ViewControllers */,
			);
			path = weatherAppWithOpenWeatherMapAPI;
			sourceTree = "<group>";
		};
		7673012A28AA40C100D3284F /* View */ = {
			isa = PBXGroup;
			children = (
			);
			path = View;
			sourceTree = "<group>";
		};
		7673012B28AA40CD00D3284F /* ViewControllers */ = {
			isa = PBXGroup;
			children = (
				7673013828AA4B6C00D3284F /* WeatherViewController.swift */,
			);
			path = ViewControllers;
			sourceTree = "<group>";
		};
		7673012C28AA414A00D3284F /* APIManger */ = {
			isa = PBXGroup;
			children = (
				7673014828AA73FA00D3284F /* WeatherAPIManger.swift */,
			);
			path = APIManger;
			sourceTree = "<group>";
		};
		7673012D28AA415E00D3284F /* Storyboard & XIB */ = {
			isa = PBXGroup;
			children = (
				7673011A28AA3D0500D3284F /* Main.storyboard */,
			);
			path = "Storyboard & XIB";
			sourceTree = "<group>";
		};
		7673013028AA41BD00D3284F /* Keys */ = {
			isa = PBXGroup;
			children = (
				7673012E28AA418500D3284F /* APIKey.swift */,
				7673013128AA41C700D3284F /* EndPoint.swift */,
			);
			path = Keys;
			sourceTree = "<group>";
		};
		7673013328AA470400D3284F /* Design */ = {
			isa = PBXGroup;
			children = (
				7673013428AA471500D3284F /* DefaultColor.swift */,
				7673013628AA482900D3284F /* DefaultFont.swift */,
			);
			path = Design;
			sourceTree = "<group>";
		};
		7673013B28AA542E00D3284F /* Font */ = {
			isa = PBXGroup;
			children = (
				7673013E28AA573B00D3284F /* EF_Diary.ttf */,
				7673014428AA72D400D3284F /* SCDream1.otf */,
				7673014628AA736200D3284F /* SCDream3.otf */,
			);
			path = Font;
			sourceTree = "<group>";
		};
		7673015028AA751200D3284F /* Model */ = {
			isa = PBXGroup;
			children = (
				7673015128AA751F00D3284F /* Location.swift */,
				7673015328AA77B700D3284F /* Weather.swift */,
			);
			path = Model;
			sourceTree = "<group>";
		};
/* End PBXGroup section */

/* Begin PBXNativeTarget section */
		7673011028AA3D0500D3284F /* weatherAppWithOpenWeatherMapAPI */ = {
			isa = PBXNativeTarget;
			buildConfigurationList = 7673012528AA3D0600D3284F /* Build configuration list for PBXNativeTarget "weatherAppWithOpenWeatherMapAPI" */;
			buildPhases = (
				7673010D28AA3D0500D3284F /* Sources */,
				7673010E28AA3D0500D3284F /* Frameworks */,
				7673010F28AA3D0500D3284F /* Resources */,
			);
			buildRules = (
			);
			dependencies = (
			);
			name = weatherAppWithOpenWeatherMapAPI;
			packageProductDependencies = (
				7673014B28AA743600D3284F /* Alamofire */,
				7673014E28AA744200D3284F /* SwiftyJSON */,
			);
			productName = weatherAppWithOpenWeatherMapAPI;
			productReference = 7673011128AA3D0500D3284F /* weatherAppWithOpenWeatherMapAPI.app */;
			productType = "com.apple.product-type.application";
		};
/* End PBXNativeTarget section */

/* Begin PBXProject section */
		7673010928AA3D0500D3284F /* Project object */ = {
			isa = PBXProject;
			attributes = {
				BuildIndependentTargetsInParallel = 1;
				LastSwiftUpdateCheck = 1330;
				LastUpgradeCheck = 1330;
				TargetAttributes = {
					7673011028AA3D0500D3284F = {
						CreatedOnToolsVersion = 13.3.1;
					};
				};
			};
			buildConfigurationList = 7673010C28AA3D0500D3284F /* Build configuration list for PBXProject "weatherAppWithOpenWeatherMapAPI" */;
			compatibilityVersion = "Xcode 13.0";
			developmentRegion = en;
			hasScannedForEncodings = 0;
			knownRegions = (
				en,
				Base,
			);
			mainGroup = 7673010828AA3D0500D3284F;
			packageReferences = (
				7673014A28AA743600D3284F /* XCRemoteSwiftPackageReference "Alamofire" */,
				7673014D28AA744200D3284F /* XCRemoteSwiftPackageReference "SwiftyJSON" */,
			);
			productRefGroup = 7673011228AA3D0500D3284F /* Products */;
			projectDirPath = "";
			projectRoot = "";
			targets = (
				7673011028AA3D0500D3284F /* weatherAppWithOpenWeatherMapAPI */,
			);
		};
/* End PBXProject section */

/* Begin PBXResourcesBuildPhase section */
		7673010F28AA3D0500D3284F /* Resources */ = {
			isa = PBXResourcesBuildPhase;
			buildActionMask = 2147483647;
			files = (
				7673012928AA40B700D3284F /* .gitignore in Resources */,
				7673014528AA72D400D3284F /* SCDream1.otf in Resources */,
				7673013F28AA573B00D3284F /* EF_Diary.ttf in Resources */,
				7673012128AA3D0600D3284F /* LaunchScreen.storyboard in Resources */,
				7673011E28AA3D0600D3284F /* Assets.xcassets in Resources */,
				7673014728AA736200D3284F /* SCDream3.otf in Resources */,
				7673011C28AA3D0500D3284F /* Main.storyboard in Resources */,
			);
			runOnlyForDeploymentPostprocessing = 0;
		};
/* End PBXResourcesBuildPhase section */

/* Begin PBXSourcesBuildPhase section */
		7673010D28AA3D0500D3284F /* Sources */ = {
			isa = PBXSourcesBuildPhase;
			buildActionMask = 2147483647;
			files = (
				7673013728AA482900D3284F /* DefaultFont.swift in Sources */,
				7673013528AA471500D3284F /* DefaultColor.swift in Sources */,
				7673011528AA3D0500D3284F /* AppDelegate.swift in Sources */,
				7673013228AA41C700D3284F /* EndPoint.swift in Sources */,
				7673015428AA77B700D3284F /* Weather.swift in Sources */,
				7673015228AA751F00D3284F /* Location.swift in Sources */,
				7673013928AA4B6C00D3284F /* WeatherViewController.swift in Sources */,
				7673014928AA73FA00D3284F /* WeatherAPIManger.swift in Sources */,
				7673012F28AA418500D3284F /* APIKey.swift in Sources */,
				7673011728AA3D0500D3284F /* SceneDelegate.swift in Sources */,
			);
			runOnlyForDeploymentPostprocessing = 0;
		};
/* End PBXSourcesBuildPhase section */

/* Begin PBXVariantGroup section */
		7673011A28AA3D0500D3284F /* Main.storyboard */ = {
			isa = PBXVariantGroup;
			children = (
				7673011B28AA3D0500D3284F /* Base */,
			);
			name = Main.storyboard;
			sourceTree = "<group>";
		};
		7673011F28AA3D0600D3284F /* LaunchScreen.storyboard */ = {
			isa = PBXVariantGroup;
			children = (
				7673012028AA3D0600D3284F /* Base */,
			);
			name = LaunchScreen.storyboard;
			sourceTree = "<group>";
		};
/* End PBXVariantGroup section */

/* Begin XCBuildConfiguration section */
		7673012328AA3D0600D3284F /* Debug */ = {
			isa = XCBuildConfiguration;
			buildSettings = {
				ALWAYS_SEARCH_USER_PATHS = NO;
				CLANG_ANALYZER_NONNULL = YES;
				CLANG_ANALYZER_NUMBER_OBJECT_CONVERSION = YES_AGGRESSIVE;
				CLANG_CXX_LANGUAGE_STANDARD = "gnu++17";
				CLANG_ENABLE_MODULES = YES;
				CLANG_ENABLE_OBJC_ARC = YES;
				CLANG_ENABLE_OBJC_WEAK = YES;
				CLANG_WARN_BLOCK_CAPTURE_AUTORELEASING = YES;
				CLANG_WARN_BOOL_CONVERSION = YES;
				CLANG_WARN_COMMA = YES;
				CLANG_WARN_CONSTANT_CONVERSION = YES;
				CLANG_WARN_DEPRECATED_OBJC_IMPLEMENTATIONS = YES;
				CLANG_WARN_DIRECT_OBJC_ISA_USAGE = YES_ERROR;
				CLANG_WARN_DOCUMENTATION_COMMENTS = YES;
				CLANG_WARN_EMPTY_BODY = YES;
				CLANG_WARN_ENUM_CONVERSION = YES;
				CLANG_WARN_INFINITE_RECURSION = YES;
				CLANG_WARN_INT_CONVERSION = YES;
				CLANG_WARN_NON_LITERAL_NULL_CONVERSION = YES;
				CLANG_WARN_OBJC_IMPLICIT_RETAIN_SELF = YES;
				CLANG_WARN_OBJC_LITERAL_CONVERSION = YES;
				CLANG_WARN_OBJC_ROOT_CLASS = YES_ERROR;
				CLANG_WARN_QUOTED_INCLUDE_IN_FRAMEWORK_HEADER = YES;
				CLANG_WARN_RANGE_LOOP_ANALYSIS = YES;
				CLANG_WARN_STRICT_PROTOTYPES = YES;
				CLANG_WARN_SUSPICIOUS_MOVE = YES;
				CLANG_WARN_UNGUARDED_AVAILABILITY = YES_AGGRESSIVE;
				CLANG_WARN_UNREACHABLE_CODE = YES;
				CLANG_WARN__DUPLICATE_METHOD_MATCH = YES;
				COPY_PHASE_STRIP = NO;
				DEBUG_INFORMATION_FORMAT = dwarf;
				ENABLE_STRICT_OBJC_MSGSEND = YES;
				ENABLE_TESTABILITY = YES;
				GCC_C_LANGUAGE_STANDARD = gnu11;
				GCC_DYNAMIC_NO_PIC = NO;
				GCC_NO_COMMON_BLOCKS = YES;
				GCC_OPTIMIZATION_LEVEL = 0;
				GCC_PREPROCESSOR_DEFINITIONS = (
					"DEBUG=1",
					"$(inherited)",
				);
				GCC_WARN_64_TO_32_BIT_CONVERSION = YES;
				GCC_WARN_ABOUT_RETURN_TYPE = YES_ERROR;
				GCC_WARN_UNDECLARED_SELECTOR = YES;
				GCC_WARN_UNINITIALIZED_AUTOS = YES_AGGRESSIVE;
				GCC_WARN_UNUSED_FUNCTION = YES;
				GCC_WARN_UNUSED_VARIABLE = YES;
				IPHONEOS_DEPLOYMENT_TARGET = 15.4;
				MTL_ENABLE_DEBUG_INFO = INCLUDE_SOURCE;
				MTL_FAST_MATH = YES;
				ONLY_ACTIVE_ARCH = YES;
				SDKROOT = iphoneos;
				SWIFT_ACTIVE_COMPILATION_CONDITIONS = DEBUG;
				SWIFT_OPTIMIZATION_LEVEL = "-Onone";
			};
			name = Debug;
		};
		7673012428AA3D0600D3284F /* Release */ = {
			isa = XCBuildConfiguration;
			buildSettings = {
				ALWAYS_SEARCH_USER_PATHS = NO;
				CLANG_ANALYZER_NONNULL = YES;
				CLANG_ANALYZER_NUMBER_OBJECT_CONVERSION = YES_AGGRESSIVE;
				CLANG_CXX_LANGUAGE_STANDARD = "gnu++17";
				CLANG_ENABLE_MODULES = YES;
				CLANG_ENABLE_OBJC_ARC = YES;
				CLANG_ENABLE_OBJC_WEAK = YES;
				CLANG_WARN_BLOCK_CAPTURE_AUTORELEASING = YES;
				CLANG_WARN_BOOL_CONVERSION = YES;
				CLANG_WARN_COMMA = YES;
				CLANG_WARN_CONSTANT_CONVERSION = YES;
				CLANG_WARN_DEPRECATED_OBJC_IMPLEMENTATIONS = YES;
				CLANG_WARN_DIRECT_OBJC_ISA_USAGE = YES_ERROR;
				CLANG_WARN_DOCUMENTATION_COMMENTS = YES;
				CLANG_WARN_EMPTY_BODY = YES;
				CLANG_WARN_ENUM_CONVERSION = YES;
				CLANG_WARN_INFINITE_RECURSION = YES;
				CLANG_WARN_INT_CONVERSION = YES;
				CLANG_WARN_NON_LITERAL_NULL_CONVERSION = YES;
				CLANG_WARN_OBJC_IMPLICIT_RETAIN_SELF = YES;
				CLANG_WARN_OBJC_LITERAL_CONVERSION = YES;
				CLANG_WARN_OBJC_ROOT_CLASS = YES_ERROR;
				CLANG_WARN_QUOTED_INCLUDE_IN_FRAMEWORK_HEADER = YES;
				CLANG_WARN_RANGE_LOOP_ANALYSIS = YES;
				CLANG_WARN_STRICT_PROTOTYPES = YES;
				CLANG_WARN_SUSPICIOUS_MOVE = YES;
				CLANG_WARN_UNGUARDED_AVAILABILITY = YES_AGGRESSIVE;
				CLANG_WARN_UNREACHABLE_CODE = YES;
				CLANG_WARN__DUPLICATE_METHOD_MATCH = YES;
				COPY_PHASE_STRIP = NO;
				DEBUG_INFORMATION_FORMAT = "dwarf-with-dsym";
				ENABLE_NS_ASSERTIONS = NO;
				ENABLE_STRICT_OBJC_MSGSEND = YES;
				GCC_C_LANGUAGE_STANDARD = gnu11;
				GCC_NO_COMMON_BLOCKS = YES;
				GCC_WARN_64_TO_32_BIT_CONVERSION = YES;
				GCC_WARN_ABOUT_RETURN_TYPE = YES_ERROR;
				GCC_WARN_UNDECLARED_SELECTOR = YES;
				GCC_WARN_UNINITIALIZED_AUTOS = YES_AGGRESSIVE;
				GCC_WARN_UNUSED_FUNCTION = YES;
				GCC_WARN_UNUSED_VARIABLE = YES;
				IPHONEOS_DEPLOYMENT_TARGET = 15.4;
				MTL_ENABLE_DEBUG_INFO = NO;
				MTL_FAST_MATH = YES;
				SDKROOT = iphoneos;
				SWIFT_COMPILATION_MODE = wholemodule;
				SWIFT_OPTIMIZATION_LEVEL = "-O";
				VALIDATE_PRODUCT = YES;
			};
			name = Release;
		};
		7673012628AA3D0600D3284F /* Debug */ = {
			isa = XCBuildConfiguration;
			buildSettings = {
				ASSETCATALOG_COMPILER_APPICON_NAME = AppIcon;
				ASSETCATALOG_COMPILER_GLOBAL_ACCENT_COLOR_NAME = AccentColor;
				CODE_SIGN_STYLE = Automatic;
				CURRENT_PROJECT_VERSION = 1;
				DEVELOPMENT_TEAM = RJ93CKCV9A;
				GENERATE_INFOPLIST_FILE = YES;
				INFOPLIST_FILE = weatherAppWithOpenWeatherMapAPI/Info.plist;
				INFOPLIST_KEY_CFBundleDisplayName = "소피 날씨";
				INFOPLIST_KEY_UIApplicationSupportsIndirectInputEvents = YES;
				INFOPLIST_KEY_UILaunchStoryboardName = LaunchScreen;
				INFOPLIST_KEY_UIMainStoryboardFile = Main;
				INFOPLIST_KEY_UISupportedInterfaceOrientations = UIInterfaceOrientationPortrait;
				INFOPLIST_KEY_UISupportedInterfaceOrientations_iPad = "UIInterfaceOrientationPortrait UIInterfaceOrientationPortraitUpsideDown UIInterfaceOrientationLandscapeLeft UIInterfaceOrientationLandscapeRight";
				INFOPLIST_KEY_UISupportedInterfaceOrientations_iPhone = UIInterfaceOrientationPortrait;
				IPHONEOS_DEPLOYMENT_TARGET = 15.0;
				LD_RUNPATH_SEARCH_PATHS = (
					"$(inherited)",
					"@executable_path/Frameworks",
				);
				MARKETING_VERSION = 1.0;
				PRODUCT_BUNDLE_IDENTIFIER = com.vonreal.weatherAppWithOpenWeatherMapAPI;
				PRODUCT_NAME = "$(TARGET_NAME)";
				SWIFT_EMIT_LOC_STRINGS = YES;
				SWIFT_VERSION = 5.0;
				TARGETED_DEVICE_FAMILY = 1;
			};
			name = Debug;
		};
		7673012728AA3D0600D3284F /* Release */ = {
			isa = XCBuildConfiguration;
			buildSettings = {
				ASSETCATALOG_COMPILER_APPICON_NAME = AppIcon;
				ASSETCATALOG_COMPILER_GLOBAL_ACCENT_COLOR_NAME = AccentColor;
				CODE_SIGN_STYLE = Automatic;
				CURRENT_PROJECT_VERSION = 1;
				DEVELOPMENT_TEAM = RJ93CKCV9A;
				GENERATE_INFOPLIST_FILE = YES;
				INFOPLIST_FILE = weatherAppWithOpenWeatherMapAPI/Info.plist;
				INFOPLIST_KEY_CFBundleDisplayName = "소피 날씨";
				INFOPLIST_KEY_UIApplicationSupportsIndirectInputEvents = YES;
				INFOPLIST_KEY_UILaunchStoryboardName = LaunchScreen;
				INFOPLIST_KEY_UIMainStoryboardFile = Main;
				INFOPLIST_KEY_UISupportedInterfaceOrientations = UIInterfaceOrientationPortrait;
				INFOPLIST_KEY_UISupportedInterfaceOrientations_iPad = "UIInterfaceOrientationPortrait UIInterfaceOrientationPortraitUpsideDown UIInterfaceOrientationLandscapeLeft UIInterfaceOrientationLandscapeRight";
				INFOPLIST_KEY_UISupportedInterfaceOrientations_iPhone = UIInterfaceOrientationPortrait;
				IPHONEOS_DEPLOYMENT_TARGET = 15.0;
				LD_RUNPATH_SEARCH_PATHS = (
					"$(inherited)",
					"@executable_path/Frameworks",
				);
				MARKETING_VERSION = 1.0;
				PRODUCT_BUNDLE_IDENTIFIER = com.vonreal.weatherAppWithOpenWeatherMapAPI;
				PRODUCT_NAME = "$(TARGET_NAME)";
				SWIFT_EMIT_LOC_STRINGS = YES;
				SWIFT_VERSION = 5.0;
				TARGETED_DEVICE_FAMILY = 1;
			};
			name = Release;
		};
/* End XCBuildConfiguration section */

/* Begin XCConfigurationList section */
		7673010C28AA3D0500D3284F /* Build configuration list for PBXProject "weatherAppWithOpenWeatherMapAPI" */ = {
			isa = XCConfigurationList;
			buildConfigurations = (
				7673012328AA3D0600D3284F /* Debug */,
				7673012428AA3D0600D3284F /* Release */,
			);
			defaultConfigurationIsVisible = 0;
			defaultConfigurationName = Release;
		};
		7673012528AA3D0600D3284F /* Build configuration list for PBXNativeTarget "weatherAppWithOpenWeatherMapAPI" */ = {
			isa = XCConfigurationList;
			buildConfigurations = (
				7673012628AA3D0600D3284F /* Debug */,
				7673012728AA3D0600D3284F /* Release */,
			);
			defaultConfigurationIsVisible = 0;
			defaultConfigurationName = Release;
		};
/* End XCConfigurationList section */

/* Begin XCRemoteSwiftPackageReference section */
		7673014A28AA743600D3284F /* XCRemoteSwiftPackageReference "Alamofire" */ = {
			isa = XCRemoteSwiftPackageReference;
			repositoryURL = "https://github.com/Alamofire/Alamofire.git";
			requirement = {
				kind = upToNextMajorVersion;
				minimumVersion = 5.0.0;
			};
		};
		7673014D28AA744200D3284F /* XCRemoteSwiftPackageReference "SwiftyJSON" */ = {
			isa = XCRemoteSwiftPackageReference;
			repositoryURL = "https://github.com/SwiftyJSON/SwiftyJSON.git";
			requirement = {
				kind = upToNextMajorVersion;
				minimumVersion = 5.0.0;
			};
		};
/* End XCRemoteSwiftPackageReference section */

/* Begin XCSwiftPackageProductDependency section */
		7673014B28AA743600D3284F /* Alamofire */ = {
			isa = XCSwiftPackageProductDependency;
			package = 7673014A28AA743600D3284F /* XCRemoteSwiftPackageReference "Alamofire" */;
			productName = Alamofire;
		};
		7673014E28AA744200D3284F /* SwiftyJSON */ = {
			isa = XCSwiftPackageProductDependency;
			package = 7673014D28AA744200D3284F /* XCRemoteSwiftPackageReference "SwiftyJSON" */;
			productName = SwiftyJSON;
		};
/* End XCSwiftPackageProductDependency section */
	};
	rootObject = 7673010928AA3D0500D3284F /* Project object */;
}
